
Microsoft Visual Studio Solution File, Format Version 12.00
# Visual Studio Version 17
VisualStudioVersion = 17.9.34622.214
MinimumVisualStudioVersion = 10.0.40219.1
Project("{FAE04EC0-301F-11D3-BF4B-00C04F79EFBC}") = "Chess", "Chess.csproj", "{D51F83A7-953C-46E5-B985-DAA88A6E4B20}"
EndProject
Global
	GlobalSection(SolutionConfigurationPlatforms) = preSolution
		Debug|Any CPU = Debug|Any CPU
		Release|Any CPU = Release|Any CPU
	EndGlobalSection
	GlobalSection(ProjectConfigurationPlatforms) = postSolution
		{D51F83A7-953C-46E5-B985-DAA88A6E4B20}.Debug|Any CPU.ActiveCfg = Debug|Any CPU
		{D51F83A7-953C-46E5-B985-DAA88A6E4B20}.Debug|Any CPU.Build.0 = Debug|Any CPU
		{D51F83A7-953C-46E5-B985-DAA88A6E4B20}.Release|Any CPU.ActiveCfg = Release|Any CPU
		{D51F83A7-953C-46E5-B985-DAA88A6E4B20}.Release|Any CPU.Build.0 = Release|Any CPU
	EndGlobalSection
	GlobalSection(SolutionProperties) = preSolution
		HideSolutionNode = FALSE
	EndGlobalSection
	GlobalSection(ExtensibilityGlobals) = postSolution
		SolutionGuid = {C9E8D147-9922-4303-8FC7-871CA3703184}
	EndGlobalSection
EndGlobal
